{
  "name": "medical-device-after-sale-service",
  "version": "0.0.0",
  "lockfileVersion": 3,
  "requires": true,
  "packages": {
    "": {
      "name": "medical-device-after-sale-service",
      "version": "0.0.0",
      "license": "MIT",
      "dependencies": {
        "@vant/weapp": "^1.10.5"
      },
      "devDependencies": {
        "miniprogram-api-typings": "^3.8.1"
      }
    },
    "node_modules/@vant/weapp": {
      "version": "1.10.11",
      "resolved": "https://registry.npmjs.org/@vant/weapp/-/weapp-1.10.11.tgz",
      "integrity": "sha512-ESJfvagXQyANuhxLa7wf0viGFt7n3ILMZnNXphLwBAf2ftO3zRmy09z/BSDjBxN1UDlNvacKw6X4SRAHZA2zHA=="
    },
    "node_modules/miniprogram-api-typings": {
      "version": "3.9.0",
      "resolved": "https://registry.npmjs.org/miniprogram-api-typings/-/miniprogram-api-typings-3.9.0.tgz",
      "integrity": "sha512-QCXHHW9H4XYazb8J9EMiFyaOWHXhBG4oehkQqi+76FJpKKIlpgL0ZkXxzJ2L+6T/c5OxKm7iegovKIQGVkZDLQ==",
      "dev": true
    }
  }
}
